
Microsoft Visual Studio Solution File, Format Version 12.00
# Visual Studio Version 17
VisualStudioVersion = 17.0.32112.339
MinimumVisualStudioVersion = 10.0.40219.1
Project("{FAE04EC0-301F-11D3-BF4B-00C04F79EFBC}") = "Сalculator", "Сalculator.csproj", "{A56D7443-49D1-4A98-8E09-8494F426057B}"
EndProject
Global
	GlobalSection(SolutionConfigurationPlatforms) = preSolution
		Debug|Any CPU = Debug|Any CPU
		Release|Any CPU = Release|Any CPU
	EndGlobalSection
	GlobalSection(ProjectConfigurationPlatforms) = postSolution
		{A56D7443-49D1-4A98-8E09-8494F426057B}.Debug|Any CPU.ActiveCfg = Debug|Any CPU
		{A56D7443-49D1-4A98-8E09-8494F426057B}.Debug|Any CPU.Build.0 = Debug|Any CPU
		{A56D7443-49D1-4A98-8E09-8494F426057B}.Release|Any CPU.ActiveCfg = Release|Any CPU
		{A56D7443-49D1-4A98-8E09-8494F426057B}.Release|Any CPU.Build.0 = Release|Any CPU
	EndGlobalSection
	GlobalSection(SolutionProperties) = preSolution
		HideSolutionNode = FALSE
	EndGlobalSection
	GlobalSection(ExtensibilityGlobals) = postSolution
		SolutionGuid = {B0644E2D-8E61-40DF-95B6-2251BC5BE166}
	EndGlobalSection
EndGlobal
